
Microsoft Visual Studio Solution File, Format Version 12.00
# Visual Studio Version 17
VisualStudioVersion = 17.2.32616.157
MinimumVisualStudioVersion = 10.0.40219.1
Project("{FAE04EC0-301F-11D3-BF4B-00C04F79EFBC}") = "Lks-Desktop-2022", "Lks-Desktop-2022.csproj", "{C64DD0BF-569D-46EB-BF5F-ADB4986990BB}"
EndProject
Global
	GlobalSection(SolutionConfigurationPlatforms) = preSolution
		Debug|Any CPU = Debug|Any CPU
		Release|Any CPU = Release|Any CPU
	EndGlobalSection
	GlobalSection(ProjectConfigurationPlatforms) = postSolution
		{C64DD0BF-569D-46EB-BF5F-ADB4986990BB}.Debug|Any CPU.ActiveCfg = Debug|Any CPU
		{C64DD0BF-569D-46EB-BF5F-ADB4986990BB}.Debug|Any CPU.Build.0 = Debug|Any CPU
		{C64DD0BF-569D-46EB-BF5F-ADB4986990BB}.Release|Any CPU.ActiveCfg = Release|Any CPU
		{C64DD0BF-569D-46EB-BF5F-ADB4986990BB}.Release|Any CPU.Build.0 = Release|Any CPU
	EndGlobalSection
	GlobalSection(SolutionProperties) = preSolution
		HideSolutionNode = FALSE
	EndGlobalSection
	GlobalSection(ExtensibilityGlobals) = postSolution
		SolutionGuid = {F6758DB7-1E83-46FC-AC3E-EE83418E8E30}
	EndGlobalSection
EndGlobal
